
Microsoft Visual Studio Solution File, Format Version 12.00
# Visual Studio Version 17
VisualStudioVersion = 17.5.33424.131
MinimumVisualStudioVersion = 10.0.40219.1
Project("{FAE04EC0-301F-11D3-BF4B-00C04F79EFBC}") = "MathComparisonAssignment", "MathComparisonAssignment\MathComparisonAssignment.csproj", "{651BFD35-3A70-481E-9592-7C13DDD4AC45}"
EndProject
Global
	GlobalSection(SolutionConfigurationPlatforms) = preSolution
		Debug|Any CPU = Debug|Any CPU
		Release|Any CPU = Release|Any CPU
	EndGlobalSection
	GlobalSection(ProjectConfigurationPlatforms) = postSolution
		{651BFD35-3A70-481E-9592-7C13DDD4AC45}.Debug|Any CPU.ActiveCfg = Debug|Any CPU
		{651BFD35-3A70-481E-9592-7C13DDD4AC45}.Debug|Any CPU.Build.0 = Debug|Any CPU
		{651BFD35-3A70-481E-9592-7C13DDD4AC45}.Release|Any CPU.ActiveCfg = Release|Any CPU
		{651BFD35-3A70-481E-9592-7C13DDD4AC45}.Release|Any CPU.Build.0 = Release|Any CPU
	EndGlobalSection
	GlobalSection(SolutionProperties) = preSolution
		HideSolutionNode = FALSE
	EndGlobalSection
	GlobalSection(ExtensibilityGlobals) = postSolution
		SolutionGuid = {51F9CE3A-12DF-4000-AA45-70AB4809C401}
	EndGlobalSection
EndGlobal
