
Microsoft Visual Studio Solution File, Format Version 12.00
# Visual Studio Version 17
VisualStudioVersion = 17.5.33424.131
MinimumVisualStudioVersion = 10.0.40219.1
Project("{FAE04EC0-301F-11D3-BF4B-00C04F79EFBC}") = "VoidMethodAssignment", "VoidMethodAssignment\VoidMethodAssignment.csproj", "{795EC9C2-89EC-4F27-8343-4DDA23A17401}"
EndProject
Global
	GlobalSection(SolutionConfigurationPlatforms) = preSolution
		Debug|Any CPU = Debug|Any CPU
		Release|Any CPU = Release|Any CPU
	EndGlobalSection
	GlobalSection(ProjectConfigurationPlatforms) = postSolution
		{795EC9C2-89EC-4F27-8343-4DDA23A17401}.Debug|Any CPU.ActiveCfg = Debug|Any CPU
		{795EC9C2-89EC-4F27-8343-4DDA23A17401}.Debug|Any CPU.Build.0 = Debug|Any CPU
		{795EC9C2-89EC-4F27-8343-4DDA23A17401}.Release|Any CPU.ActiveCfg = Release|Any CPU
		{795EC9C2-89EC-4F27-8343-4DDA23A17401}.Release|Any CPU.Build.0 = Release|Any CPU
	EndGlobalSection
	GlobalSection(SolutionProperties) = preSolution
		HideSolutionNode = FALSE
	EndGlobalSection
	GlobalSection(ExtensibilityGlobals) = postSolution
		SolutionGuid = {D41E65AA-4DF2-4E16-873D-D3DC603E56E5}
	EndGlobalSection
EndGlobal
